{
  "omp_version": "18.4.1",
  "bodies": {
    "pi-ai/providers/anthropic-messages-server.ts::closeBlock": "eb7053c417155c607829c6304e38608c44dc2e9343c34ae0c2ebea504ae4b14f",
    "pi-ai/providers/anthropic-messages-server.ts::encodeContentBlocks": "90500c5c41fce3fb81e4e82e47d5dcd70ef11565d45c97416995e15d343ef628",
    "pi-ai/providers/anthropic-messages-server.ts::encodeResponse": "364a44c0a556b0f3d9022c57847f288556819d08cdd60095581d85dde59f1c17",
    "pi-ai/providers/anthropic-messages-server.ts::encodeStream": "f4eba6f855b68953b8d1db4efb64768bfc593d36b64373e4b71066a01077567f",
    "pi-ai/providers/anthropic-messages-server.ts::mapStopReasonOut": "6757b9dcbcf72be6b181156ca35986d23acc496673ea211ec3565833195461f6",
    "pi-ai/providers/anthropic-messages-server.ts::mapToolChoice": "b5cda79de7415679c4dcb9b0602195f71d8c25f66250ef10a6e1bb798988da3f",
    "pi-ai/providers/anthropic-messages-server.ts::newMessageId": "b60e958224d998be15b9246fe45e525b8df4e436a3e1acfb50f86acb86a31051",
    "pi-ai/providers/anthropic-messages-server.ts::sseFrame": "a667e7ddb51fe6033fd44d609268ca94f11a0b247ff580c667a555e28dbbaaa1",
    "pi-ai/providers/anthropic.ts::ANTHROPIC_DECIMATION_INTERVAL": "91117a1a673e8ad0bcd7450971ec66c8aaf4aadd71b29a264a72ce89713d4cc3",
    "pi-ai/providers/anthropic.ts::VOLATILE_SYSTEM_SEGMENT_MARKERS": "5e74f6aeda618d4cccc9398a89889aa51b1d9c5567dab34bb854cd0da1156e64",
    "pi-ai/providers/anthropic.ts::allowSamplingParams": "ee62069ecb7dc39f3b50c51abb38574b5f5ffe45300510a2eb8a3de95e3c19fc",
    "pi-ai/providers/anthropic.ts::applyHeadCaching": "41aaec82fcfe00a2efd50d4c3aa0ce34f17e9adc8ea5ec3ff7983e904278782d",
    "pi-ai/providers/anthropic.ts::applyPromptCaching": "329f0ac523a488b85c71ebb9579828ef698fb8ec103ac16fc4384f3f86cb04a4",
    "pi-ai/providers/anthropic.ts::buildClaudeCodeBetas": "5658b32497b36b24efae37af1a127589235f4c6c5c456af41158211048d81c4d",
    "pi-ai/providers/anthropic.ts::claudeCodeAgentBetaDefaults": "9bbed214677a62b1d9bca85a44986aac10b34ef50d56ec53e7c53e28bce5d2dd",
    "pi-ai/providers/anthropic.ts::cloneAnthropicCacheControl": "04372c970ecea37c2782cd6bd09a4bd8616b40b7de3e039fdc8714bb6626b41b",
    "pi-ai/providers/anthropic.ts::contextManagementBeta": "7497629ccc95dab1b6601e5029863d77bb3516a078e91402ebce4e45664f79a2",
    "pi-ai/providers/anthropic.ts::countHeadBreakpoints": "2c31c5bd17a785b4597201825ebf615903779f0d6d2091cdd41638837d6918d4",
    "pi-ai/providers/anthropic.ts::disableThinkingIfToolChoiceForced": "547f115dceee3019b237c3efc2d8067ad3dbc254595cd7d33ebbc56af99ebe85",
    "pi-ai/providers/anthropic.ts::effortBeta": "1fad34bcb94173a83a636addfb391a80b17fb739d72422fee3947fbfa0419826",
    "pi-ai/providers/anthropic.ts::ensureMaxTokensForThinking": "d33116efd04e1588663029faa13d030835688b5410b6f3299717412bc77be0d3",
    "pi-ai/providers/anthropic.ts::extendedCacheTtlBeta": "1553125d981863ab4089a167935919c20e567bc5d61bb1d5ac2a29aebd18c727",
    "pi-ai/providers/anthropic.ts::fallbackCreditBeta": "0e27cd571b064307a4336f8fd13f3efcabe7df9763eb2cf5c5cc51a37eb96f81",
    "pi-ai/providers/anthropic.ts::getCacheControl": "a81e3911265869cdd7113afe69d086382f085d74f10d3dda5190cf8905aef9a5",
    "pi-ai/providers/anthropic.ts::midConversationSystemBeta": "bea360e469883a96037042e0ee3812b3f8298ce40f15dc7c877cbbfa2633c296",
    "pi-ai/providers/anthropic.ts::oauthAuthBeta": "922ee9d5f143eb3f22c3408806d23d76a06134f9187880a8d37cf59d253ca548",
    "pi-ai/providers/anthropic.ts::sharedHeaders": "1864e73739eb2956f3c05e9d4509efa73ae394740b3271d688abac3ced8b8c9a",
    "pi-ai/providers/anthropic.ts::thinkingTokenCountBeta": "052fe549d61bdeba523eff2cecb8b7ca85359a8f595893067e83194ab7c4db0f",
    "pi-ai/providers/anthropic.ts::volatileSystemSuffixStart": "7b4eea8fda50f19a2a9c34ea0168b2e541ce4beba843047fb7e9a555a9680f7a",
    "pi-ai/providers/claude-code-fingerprint.ts::DEFAULT_CLAUDE_CODE_VERSION": "1d3b1db6d3a15fd610e16eaff733f472f5cac1a46f37b1d61131560ca48d9843",
    "pi-ai/providers/claude-code-fingerprint.ts::claudeCodeSdkVersion": "dadd7edc55f5720da50d212f671199342e1ba9d56bda0c5415c55c322103ad07",
    "pi-ai/providers/claude-code-fingerprint.ts::claudeCodeSystemInstruction": "68214d0cb9a757ad92f36e92d97d9e70ff0bdabef261962e917767426050f6f5",
    "pi-ai/providers/claude-code-fingerprint.ts::getClaudeCodeUserAgent": "5eaf3d13c093fedf1fc9b46769f66ec5bea1ce3c643e713c9cc91c3f3799c805",
    "pi-ai/providers/google-auth.ts::OAUTH_TOKEN_URL": "7c05c72f2fc6d0c09560ed066c73e8ccf79ac2aaca4acffb042cbaa5d7867dc0",
    "pi-ai/providers/google-gemini-cli.ts::buildRequest": "f4fcb38b441d6fb37a27a24f5904f6d3a9bd53f41a86d097752478ba97f0815b",
    "pi-ai/providers/google-gemini-cli.ts::isFlashLeakModel": "c182ac21ee34b7edf3c8c7c9767753d0176419ece0b832d3e02561ec4f370f3e",
    "pi-ai/providers/google-gemini-cli.ts::isPlanningLeakObject": "dd9b0db5e43cbd58b728fdf22811f07dc51fc32f9f02f19cbaaaab8e54788f74",
    "pi-ai/providers/google-gemini-cli.ts::isPlanningLeakPrefix": "b1e244fab56a535b65178d85278a85a4190ef7b34a8e98d4b9194156b5ce1c2d",
    "pi-ai/providers/google-gemini-cli.ts::lastGoodEndpoint": "6ff5dfd8b82ff686a3b796878bb622bcc9953cb1474540a4e0882b3a7c09887c",
    "pi-ai/providers/google-gemini-cli.ts::normalizeAntigravityTools": "26c8acf064985a71b8d7df45d9314e7bb85b273ce351ab5a41bd5bd76193b1bb",
    "pi-ai/providers/google-gemini-cli.ts::splitLeadingJsonObject": "c0f96b761fe1f9bdc42b34d605cd40384b0817e6b5acfe9c30f1b761afb83e1c",
    "pi-ai/providers/google-gemini-cli.ts::splitLeadingJsonObjectIgnoringQuotes": "5f525b9824255b803765e0459f2c62ba2cd26d0f225d4b378a6fc9e36245d691",
    "pi-ai/providers/google-shared.ts::EMPTY_STREAM_BASE_DELAY_MS": "35d10ebda926aedd80d10d80f10424ba532984ed8319e8cc963befe5b118df9d",
    "pi-ai/providers/google-shared.ts::MAX_EMPTY_STREAM_RETRIES": "51252a6aa5b7beecf15e462374d4ddfd1438c664d033e05c06d176b77c81070d",
    "pi-ai/providers/google-shared.ts::SKIP_THOUGHT_SIGNATURE": "e3634d84ed10caa73ff4ab954a8d21bf38284aaeb7539a2be3301457b60ba3f1",
    "pi-ai/providers/google-shared.ts::convertGoogleImagePart": "91b09c8d181171bc36f6c8648637b796eb7d57b0940f3d8262c4ee2d6bbda2a4",
    "pi-ai/providers/google-shared.ts::convertMessages": "03d91738f49547ba7bd4400c0ef16880eca3efd54b7d2d1fa06d9e416c259ca2",
    "pi-ai/providers/google-shared.ts::isValidThoughtSignature": "8544e03bcbe0eb17fbb3c588cfc3b4f4461932f09e0b9ab5df9d256df3675964",
    "pi-ai/providers/google-shared.ts::mapStopReason": "088c474c8fb3a8d0aa49d1be15b5a51373699b47e7ef718253fb47fdc06a6442",
    "pi-ai/providers/google-shared.ts::mapStopReasonString": "bffec364ef982d041d617ca8737611fc223568b46f3c827f5d9c891a5cf9b189",
    "pi-ai/providers/google-shared.ts::mapToolChoice": "8c0a43c6a015bd5178475d7551aa60ac64a6fd7ce066bea53bee2679df5b4c64",
    "pi-ai/providers/google-shared.ts::pendingToolImageParts": "b8b972f82bd1c6a471cf2dc0c591498038024516566cc9f674a7ea8ab29ff69f",
    "pi-ai/providers/openai-codex-responses.ts::OpenAICodexRequestKind": "6956602fd9fc888723759d81110214f4188cf2dac3949b8424ad4cac6f94d644",
    "pi-ai/providers/openai-codex-responses.ts::buildTransformedCodexRequestBody": "d74e55c715e3535a1552760ff87afc26a3347d2d5cad6b96908d98a8d82689bb",
    "pi-ai/providers/openai-codex/request-transformer.ts::CODEX_INTERRUPTED_TOOL_OUTPUT": "42b74cb6d2b257bba83c4f0a4697453ca73dbb556b942faf87d3f0e1cba3f22c",
    "pi-ai/providers/openai-codex/request-transformer.ts::CODEX_ORPHAN_OUTPUT_LIMIT": "8644747934f207ed05bbf9932e6b5e80620efdb45b20950b36971ec8f65d0fb7",
    "pi-ai/providers/openai-codex/request-transformer.ts::orphanFunctionOutputToMessage": "ca4f2182516f354c0d0498a26dc1763598a13919afe15e83acaf1edcaef68578",
    "pi-ai/providers/openai-codex/request-transformer.ts::repairToolCallPairs": "4130d872994c4958b5bb0ac9b27f0b6f34486b898f8c7bb60f6d449e91db1a4c",
    "pi-ai/providers/openai-codex/request-transformer.ts::sanitizeCodexCallId": "8f866af4676de56b73f4c3ea83027994da87fc3bb2167383de03f21400bd9e1a",
    "pi-ai/providers/openai-codex/request-transformer.ts::toolCallKind": "0917bbeca259dd3869dba7d6a6814946d3627bbc73b6cc358b65f730a3d54c36",
    "pi-ai/providers/openai-codex/request-transformer.ts::toolOutputKind": "16813f1060c38cabd7b2b1930c842003d581f4ad23077e8402dad25a3fcf819d",
    "pi-ai/providers/openai-codex/request-transformer.ts::transformRequestBody": "3d05af684937a855063b0b71357f67df759fbde4d4f139859841e6550d9faa7b",
    "pi-ai/providers/openai-shared.ts::clampResponsesImageDetail": "53243063312d6e425bcab7fe6c4b73b15e56db241559fd552e7b1313d371d257",
    "pi-ai/providers/openai-shared.ts::convertResponsesInputImage": "6854cf1104fcbe4e36bf22dcd9b2fefb76f242400f0964f257e339efcb22f9f1",
    "pi-ai/providers/openai-shared.ts::getJuiceValue": "2f5a01c4439b1f121124bef1fa34f7c545ff227ca3733f55a031266fbff0047f",
    "pi-ai/providers/openai-shared.ts::getOpenAIPromptCacheKey": "e020a39c9e983e283a1749efec3e6b546316cc51f85fa819e62126f4c36441d0",
    "pi-ai/providers/vision-guard.ts::NON_VISION_IMAGE_PLACEHOLDER": "1e67ce5e16026c5be7e9bfedc0c543b34959bdfc37a4a484037cb82c56aed69e",
    "pi-ai/registry/engine/common.ts::mapCredentials": "320ca0eb15351043ec839d9cf9c8c317d3dc0480c7ce8db1a953302dc77b121e",
    "pi-ai/registry/engine/common.ts::postTokenRequest": "ab87ed7a7c7c6ebbfc409447e7cd8783f4576d9c018a02eee53b2aa9e2c71bf9",
    "pi-ai/registry/engine/oauth-code.ts::exchangeToken": "b2c4873e94a72a69c42b910dd6f3cb46c4bf4492b7af1029f8df1150909d9068",
    "pi-ai/registry/engine/oauth-code.ts::generateAuthUrl": "1ca9998532f21d2431961ecf15af855ee9c811c87894f75658210335ebe8d3a2",
    "pi-ai/registry/engine/refresh.ts::createRequestRefresh": "d69e0799c2d98967f7f8259bb0a324d754b700079c9eb4a3212c9f92780833bf",
    "pi-ai/registry/oauth/anthropic-constants.ts::ANTHROPIC_OAUTH_GRANT_TTL_MS": "05167cfadb96d27f1240920f905eea65ed45648c1edbf1b9752ad36228f406fb",
    "pi-ai/registry/oauth/callback-server.ts::generateState": "fe4d157ddc2201cf8488256aab0c7f04e9ed17142971c5697ab749b0bc48cbfa",
    "pi-ai/registry/oauth/callback-server.ts::parseNativeCallback": "a17793665414025f9945f9d7ef0ce6b4113ab52d704b43ffb7088e5f8b97f795",
    "pi-ai/registry/oauth/google-antigravity.ts::ANTIGRAVITY_LOAD_CODE_ASSIST_METADATA": "484b51b2f748d50b39505fe7df6b7ef9340da08ce25c88e8128037ff4d78f671",
    "pi-ai/registry/oauth/google-antigravity.ts::CLOUD_CODE_ASSIST_ENDPOINT": "0c1c93ffd84afb18959f7f3b0e79ecd3c7efe3218fa60cf17a606cd6cdf1c751",
    "pi-ai/registry/oauth/google-antigravity.ts::FREE_TIER_ID": "48392df31150f7d6802e2731f373ace699cce1e7c8fcd482efefbb1f772c4706",
    "pi-ai/registry/oauth/google-antigravity.ts::LOAD_CODE_ASSIST_URL": "e4de357ca87d1cf7aa6086a817d936541e345d7d69c56f921b803d96f06370df",
    "pi-ai/registry/oauth/google-antigravity.ts::ONBOARD_POLL_INTERVAL_MS": "ebbdb1051d409ce28650357043d5ae77e3aa4590038c1b32de1ad29a733e0225",
    "pi-ai/registry/oauth/google-antigravity.ts::ONBOARD_TIMEOUT_MS": "0e7319ce02f161161dac97f41d3ae573ed3d7372c8de7b4dcf4449036c8defc0",
    "pi-ai/registry/oauth/google-antigravity.ts::ONBOARD_USER_URL": "a7c4d808310f60d229214a9384e9f541d009cc7da5e09e36458a87ad66f4a438",
    "pi-ai/registry/oauth/google-antigravity.ts::OPERATIONS_URL": "37027a711fccd5dace25d59dd21dc573dd8a4fb4e78ad6466a0670e987da3bb1",
    "pi-ai/registry/oauth/google-antigravity.ts::assertFreeTierEligible": "c252fbc220f7a269ca15385ba06919293063e8b2c9a8fdc418c369fc73691b42",
    "pi-ai/registry/oauth/google-antigravity.ts::describeOperationError": "9e37f9a31e5943f54cf03b20f462508402db159a81d429243236bdee52bc992b",
    "pi-ai/registry/oauth/google-antigravity.ts::discoverProject": "fb064840cd9b0d9bca5fd49f777362e9a3414ffcd0dfc40056617e0d8d01ec2d",
    "pi-ai/registry/oauth/google-antigravity.ts::extractProjectId": "7a9ddd746769e8df04bb51111c51e2dcd1dd77295eb1d8c24394bf82f0d80219",
    "pi-ai/registry/oauth/google-antigravity.ts::loadCodeAssist": "5da445028f8c207847d806967d672562ab90f3b8abd1de2cfeb74fea2ea9f2fc",
    "pi-ai/registry/oauth/google-antigravity.ts::onboardUser": "fa632700bb40524ebdb186f6d2cce1327d9277b4e0f246dc2c26db83a144a868",
    "pi-ai/registry/oauth/google-antigravity.ts::requestCloudCodeAssist": "3702e390f01bde55f15cc477f341c26492ef77a18d7518758dc5cd09a0572127",
    "pi-ai/registry/oauth/openai-codex.ts::AUTHORIZE_URL": "125bb3fe746f35e4cf66da23ce28461d9e4393c5482235c59bc3bb625c7e011b",
    "pi-ai/registry/oauth/openai-codex.ts::CLIENT_ID": "b16e80a7df7bf1b39e4d9422698a60ecf15c79e14aed722eef8611a3ed59bbdc",
    "pi-ai/registry/oauth/openai-codex.ts::SCOPE": "b57b23249bac4b1cdf2542e83c6ad03b083bb9b9f5247a04015085af094dde08",
    "pi-ai/registry/oauth/openai-codex.ts::TOKEN_URL": "3e8aee06c5e8f0a88e748ff30419381b7ae4140362413244ea1d2110429aea15",
    "pi-ai/registry/oauth/pkce.ts::generatePKCE": "d5992b74f0a5ed80b4972c8af6235c87cea11dfecdef4d434927e3cbfc532873",
    "pi-ai/stream.ts::ANTHROPIC_THINKING": "2aa24141ab6a5b7cf8e182a793ea0978a6c8df21aaeee0a289633adc3333c1d5",
    "pi-ai/stream.ts::OUTPUT_FALLBACK_BUFFER": "db3c15878679c83839c35f9fb9647db920f8eb0492ec398628593cbcff7d7e1a",
    "pi-ai/usage/claude-api.ts::DEFAULT_CLAUDE_API_BASE_URL": "69200334abf3566ce59da563b0585fdb040ed0c3bb86ff095fbd6c9f548d0cd8",
    "pi-ai/usage/claude-api.ts::claudeOAuthBaseUrl": "b00975e5baca9f3042ef2ed4a0ae9b6653a9c86728575f76a763fff9472b4bf6",
    "pi-ai/usage/claude.ts::fetchClaudeUsage": "27105813e96e99da693483cbb15e26930dae8003206aaa8da2bc2aa025801f84",
    "pi-ai/usage/claude.ts::getApiLimitDisplayName": "84b3a115c3d714dc1aac2c3ed5fb14023a7f9ea7afefb4ef04cc99bf9f4ba7a2",
    "pi-ai/usage/claude.ts::parseApiLimitEntries": "6264f190a5fe4bd854197222edf89f76ce2f02ab37ded9ad523d2b3ece44c178",
    "pi-ai/usage/claude.ts::parseBucket": "966765392637c93c98e5ff23ea2d138a63c5387657deca8c511abd35c9191987",
    "pi-ai/usage/claude.ts::parseClaudeRateLimitHeaders": "ef04c683249b30233a18d5591d9cbeca4fa26af63ce0e571d97afe3b2e9937f5",
    "pi-ai/usage/claude.ts::parseClaudeUsagePayload": "620fa40e1b73697cfe0040c05436f2acec98436363c2aa447a112401f72caa40",
    "pi-ai/usage/claude.ts::parseUnifiedWindow": "a5794634878e6b1773898a8ce999c4755ad2aac6e3de738eb95d0dd09d34e5fa",
    "pi-ai/usage/google-antigravity.ts::FETCH_AVAILABLE_MODELS_PATH": "954df21a5e4afda72b998fb03f5c81de0bf3a835644cac6a63583d0b9fcbbfd8",
    "pi-ai/usage/google-antigravity.ts::RETRIEVE_USER_QUOTA_SUMMARY_PATH": "22b71c9aafb7dbc754ddd191ee973606743b706e13706ed9252bcadd5f7abe55",
    "pi-ai/usage/google-antigravity.ts::buildQuotaSummaryReport": "30c72bdf0b1224dcf114821c64f6a56153166d9cc77b8a43db0582fd4c2e1eed",
    "pi-ai/usage/google-antigravity.ts::classifyWindow": "1949f58c1c8a2af37d15c75640c9a1dae26eee26cced763abe84de207fe6cc09",
    "pi-ai/usage/google-antigravity.ts::formatCounterName": "48bf4eb825b8408ad197739a9546d5ac8cc6c25ecb2983597c808071857097ed",
    "pi-ai/usage/openai-codex.ts::CODEX_USAGE_PATH": "89e6ce7a02ff6a8fd8ee60d76251b6421b21292cc662ebab20d1f80c33c769f1",
    "pi-ai/usage/openai-codex.ts::buildCodexUsageUrl": "266bc8d554a2bfcab301860c3f03484a083b62e0a8b19ca4dcbefcd67f620f10",
    "pi-ai/usage/openai-codex.ts::buildWindowLabel": "b6acb37920ac90de1f04af8a07daf0a8c1145338d7385658a6543ee272c3e520",
    "pi-ai/usage/openai-codex.ts::parseCodexRateLimitHeaders": "d1c1d2aac60763b5da447cdccd4b6feb38e38403acb38c70eee25f183dc5a7e7",
    "pi-ai/usage/openai-codex.ts::parseUsagePayload": "0fc117e582bc3369395fa742fe8d4a4e314ed6c10deea972b467e0eb3bc710b0",
    "pi-ai/utils.ts::normalizeResponsesToolCallId": "8a732654b4693717acfd72bfbb7df9736bab81ad2fbaca5c71e020303f2055f0",
    "pi-ai/utils.ts::normalizeSystemPrompts": "51dafc73651ada3daa185f2c620b6d8a46b09a7e59517f32b71cbd73a0fe46d4",
    "pi-ai/utils/schema/dereference.ts::dereferenceJsonSchema": "8fc1aee26d36701fa33f7c9425bf9b1c5b869df372ba6339648d18de2eb28f56",
    "pi-ai/utils/schema/dereference.ts::dereferenceNode": "c25455b05940744cc22dd67b492d760370055f7e27eac90926d617ba3d13627c",
    "pi-ai/utils/schema/dereference.ts::resolveLocalRef": "4adc647d11c1199f6383dc1cc079e37910ad9ef3fe5c39eb917f04a78fdcd963",
    "pi-ai/utils/schema/draft.ts::DRAFT_07_SCHEMA_URIS": "43b41343c964c0d413c5f1dea517c8d7ffc5352063261b83a5e302e2e8cd2dfb",
    "pi-ai/utils/schema/draft.ts::JSON_SCHEMA_DRAFT_2020_12_URI": "c152e9a809cc7c34cc505bc0b84475458dd616445ee684835f86e01b5dfbef9e",
    "pi-ai/utils/schema/draft.ts::NON_SCHEMA_VALUE_KEYS": "ec75e06e39dc9fa03c84367691b32ae8a6183d0fd04a02b0762e963734959d00",
    "pi-ai/utils/schema/draft.ts::SCHEMA_MAP_KEYS": "f0a9f4ab69bd1e707d58050f9ec3972b58869a5132d0938bfccb4253eb5a2c3f",
    "pi-ai/utils/schema/draft.ts::combineSchemas": "4f5a8566d8d07407d18f948badfd08a26f4db16861f16ae628ae78e1f45cadfb",
    "pi-ai/utils/schema/draft.ts::convertDependencies": "f2e7f1f4bc14627834a10c986e1091a95412d10e443dca2e5947dcb9be7bb5d5",
    "pi-ai/utils/schema/draft.ts::convertRef": "ac9831123eb92e80010e4eafbd604ad10db9a6f80ce2e9f6d6976693b043ae97",
    "pi-ai/utils/schema/draft.ts::hasNullType": "fd78ab1cf03ab6649cf1a1febbfe2bfb580991cb202689901061df6f1315acc8",
    "pi-ai/utils/schema/draft.ts::makeNullable": "86677fd0aa5862a8d62d2654571123f56477caae8515e2533234caeafd747964",
    "pi-ai/utils/schema/draft.ts::mergeArrayValues": "1fb910dfc3ea1c05564155750240f9d934a156649a57009fae92677205d6902c",
    "pi-ai/utils/schema/draft.ts::mergePrefixItems": "de16d17aa36d841946b7b32cb2660795e472707e11cb35c23a2178bb056daa5e",
    "pi-ai/utils/schema/draft.ts::upgradeJsonSchemaTo202012": "c96600dd1a8e5b9352e80f38426f4bd519d7b4991ec59bfc9ce2cf20eb5af67a",
    "pi-ai/utils/schema/draft.ts::upgradeJsonSchemaTo202012Impl": "3b2ca7285e38ddc429f8bb6ce70902f757b958b4ae5c9a74a42a8209bd34ea6d",
    "pi-ai/utils/schema/equality.ts::areJsonValuesEqual": "54d208110262a341c0d70290a60a346d01610f17451339049c21ff256a9ed217",
    "pi-ai/utils/schema/equality.ts::mergeCompatibleEnumSchemas": "d04f763e75947d85e1cabb66210fcf189a052e11f0a0934cdf1721d8fb842dc3",
    "pi-ai/utils/schema/equality.ts::mergePropertySchemas": "5df168d0ff7ebc256e8a3c3da885fbe6af04b0734779467c3b2917d42a08117a",
    "pi-ai/utils/schema/fields.ts::ALL_CCA_TYPE_SPECIFIC_KEYS": "0fb983bff69ed10ff358ab150f37d5a412c3b7d69601f5da9852d41e111b17a9",
    "pi-ai/utils/schema/fields.ts::CLOUD_CODE_ASSIST_SHARED_SCHEMA_KEYS": "1f7d5bcfeebd5e1f43359c2b0c672baf252ae63879f40c71a4664e82d046eb7d",
    "pi-ai/utils/schema/fields.ts::CLOUD_CODE_ASSIST_TYPE_SPECIFIC_KEYS": "7c056ee99067af40dcf45fdcd7fdba0d96c4a87c486674dd57a4796d180c72b8",
    "pi-ai/utils/schema/fields.ts::LIFTABLE_TO_DESCRIPTION_FIELDS": "5a8bb2e8f62e76d406b26dc0371ceeba7421a5dcfa86f0b271a0d97db1ba9f65",
    "pi-ai/utils/schema/fields.ts::UNSUPPORTED_SCHEMA_FIELDS": "5bfa5ec8483d98b5da71c3fb0fc6373ff30819276c4b433b3fbc87f0d361c187",
    "pi-ai/utils/schema/meta-validator.ts::TYPE_NAMES": "d063398d4bc9c011a4903ff2f6ff53844264c0f3f9f6000ab41cf58e1f4c6193",
    "pi-ai/utils/schema/meta-validator.ts::checkNode": "79f2873fcac2ae97a03d7f5d555c2f3172521944b53c81435b8ece66f034f78c",
    "pi-ai/utils/schema/meta-validator.ts::checkTypeKeyword": "97fc859ddbc03c9c211caf20337310b15e95c40dc38b7f54689f0919c21a2bf3",
    "pi-ai/utils/schema/meta-validator.ts::hasUniqueJsonValues": "8619c690f969a2e388fc46717d5265e773f0bbb3955d3f6e56f93e9bf9853f4d",
    "pi-ai/utils/schema/meta-validator.ts::isNonNegativeInteger": "e37b71b7b3513bea3fc4b42c8ce2b77324a0b4e7756264e8f8c9a983a3438484",
    "pi-ai/utils/schema/meta-validator.ts::isValidJsonSchema": "edc909843534a795702a0fcc0cf356487e9774a8f25b33d59bc62f287d12c7ee",
    "pi-ai/utils/schema/normalize.ts::BOOLEAN_OR_SCHEMA_VALUE_KEYS": "b921479cbff9565ff487b3a8ee96a6b629f6e6481a41a56df8575490f9d774fe",
    "pi-ai/utils/schema/normalize.ts::CLOUD_CODE_ASSIST_CLAUDE_FALLBACK_SCHEMA": "134cbaeb5ad7cdc9722df5c0c2ad4865fd14f13122770ca7dffa5eab98f2f6f1",
    "pi-ai/utils/schema/normalize.ts::JSON_SCHEMA_COMBINERS": "e0bdd786b81f620a0fa7fb73fb342f1b58b8caeb0cb9d98eac5b975b30e463a4",
    "pi-ai/utils/schema/normalize.ts::SCHEMA_COMPOSITION_COMBINERS": "850bf299dbe7a7ba6570e12e529cd5fdc1a56a896fb479d2e09acc34cb13d09a",
    "pi-ai/utils/schema/normalize.ts::SNAKE_TO_CAMEL_RENAMES": "485898b852ea6c8e9b52619aae20966a3d052f1b298567c00c29571239382374",
    "pi-ai/utils/schema/normalize.ts::SUBSCHEMA_ARRAY_KEYS": "bac5f4c0cce7b9ccbff2bef914fa18f612d175246ad9232f5b03a8312375b168",
    "pi-ai/utils/schema/normalize.ts::SUBSCHEMA_MAP_KEYS": "b83f10b78c669fe33186f3fdd040f42d2581e97f3df82740173687fa859afd66",
    "pi-ai/utils/schema/normalize.ts::SUBSCHEMA_VALUE_KEYS": "43bbb41be52435b24500023d4094d471e801fd92c2eae3061ee7019fedf3e672",
    "pi-ai/utils/schema/normalize.ts::applyNodePostProcessing": "f1c2770556dd2ee7a0a65fb5256bfc799cc6075e639a857ed3b7a9b549131333",
    "pi-ai/utils/schema/normalize.ts::applySnakeCaseRenames": "dcbed1915386dd7f0bdf0fd9611518addc61765de60bfc8eedebd3f9de412fc8",
    "pi-ai/utils/schema/normalize.ts::classifySchemaChild": "565bb37b2970ebb82c755073aedbae6ad3053aab6d2430ea236c49cff53bea2f",
    "pi-ai/utils/schema/normalize.ts::collapseMixedTypeCombinerVariants": "b18ca64cf989b5da96f28070b0e6f2f7a22d015e78af5e30dd7956f5ca47f835",
    "pi-ai/utils/schema/normalize.ts::collapseSameTypeCombinerVariants": "879a233776a9baae1e80966b225bfd6bd617015ab2b3f0beb5cb9ea34aa662ca",
    "pi-ai/utils/schema/normalize.ts::copySchemaWithout": "c0103f2cfb05f2651f66aa9a0acf8d0cca57c0fe76084ce67de06ce9ca4ae4bc",
    "pi-ai/utils/schema/normalize.ts::createResidualIncompatibilityChecks": "922738b0aadd5282677e11111bf601ac2f26fd8cc32051d564cae143cbe67b6a",
    "pi-ai/utils/schema/normalize.ts::extractNullableUnionSchema": "efb09d49e372c1c191456fbadc1a8814e89452d122f6cf20064b0240bdf4c73e",
    "pi-ai/utils/schema/normalize.ts::hasResidualSchemaIncompatibilities": "3292132d79ea9e32224aabd0a16dca4210e8f990cd4b90424dd696771f01b56e",
    "pi-ai/utils/schema/normalize.ts::inferJsonSchemaTypeFromValue": "dd2e7ccb39411174f0dc2bda6d8181e561ed660f42bd2dfdaa71f62cc3400f4d",
    "pi-ai/utils/schema/normalize.ts::mergeObjectCombinerVariants": "0d68e529755b954a2ac8009398ad8c92f7d94bda870c46c1bce8c116f557f600",
    "pi-ai/utils/schema/normalize.ts::mergeSchemaDescriptions": "43f6a892fe0d86e70d7c1db58690e5b6381f5be56379eb3510dfb091ac178188",
    "pi-ai/utils/schema/normalize.ts::normalizeNullablePropertiesForCloudCodeAssist": "8715239b3e4321ef155b8aa4a240e13bfda823521ee815c53f76153d983190f7",
    "pi-ai/utils/schema/normalize.ts::normalizeSchema": "3880a363c4870d8ad7239f3d69629ad5e146a18c1e9ee197fc390be564b68160",
    "pi-ai/utils/schema/normalize.ts::normalizeSchemaForCCA": "8bc20d8b4adafb751d6c7c2ad5ff27bfd24d1a7c246a2ba22673beda21db5bc8",
    "pi-ai/utils/schema/normalize.ts::normalizeSchemaNode": "8e4f6900bb04e2c0884165ae8c7a8b20fc8717e20552fbf4763501371a741658",
    "pi-ai/utils/schema/normalize.ts::normalizeSchemaObjectNode": "fef9384daf35407cb6b5843ada910f7d9fe0a83d4e2b116d0b766cbd532f79c7",
    "pi-ai/utils/schema/normalize.ts::pushEnumValue": "a576beee5cc1c16175150fb24c28df7e19412695a8aeaa2513caaa830a928479",
    "pi-ai/utils/schema/normalize.ts::stripResidualCombiners": "45b75831511f69014a8db95c9f83a92a121a758fb1c8d1a2356ad653a0d047df",
    "pi-ai/utils/schema/normalize.ts::stripResidualCombinersNode": "66725a0f5e8072cc757748c138b6f480324c35686e1f0912103c5ae346822bd4",
    "pi-ai/utils/schema/spill.ts::spillToDescription": "74b45544f9caabee7df7adeab76243fb427107854ca45481aa85895caf811f12",
    "pi-ai/utils/thinking-loop.ts::CONCRETE_ANCHOR": "09cbd7e75176308d7c0baecb34ae35cf08131b43301e40b258e0a74f2937fa19",
    "pi-ai/utils/thinking-loop.ts::EXACT_CHECK_STRIDE": "08f55c185bed9acae5a91e7c1956da517d678b6b8b163fa83bf1192faeb5fcc1",
    "pi-ai/utils/thinking-loop.ts::EXACT_LONG_MIN_REPEATED_CHARS": "23e1f451d75e6f9abacb62d7798f9cf163719bcc8a7f9e7816d05417625e4353",
    "pi-ai/utils/thinking-loop.ts::EXACT_MAX_UNIT": "44d1369e3f8e5be40a3889a2e5c7323a27266712e34e75e626e470256ac39749",
    "pi-ai/utils/thinking-loop.ts::EXACT_SHORT_MAX_UNIT": "ba21040384d4a71eff6e8b88cdb5d89bad4acffbba514505d52f66cd51e1f1bd",
    "pi-ai/utils/thinking-loop.ts::EXACT_SHORT_MIN_REPEATED_CHARS": "6b35afebe65c672a3aece6b601d07dff3a5a69961cd784a981ec4f9f9d11cf4b",
    "pi-ai/utils/thinking-loop.ts::EXACT_TAIL_WINDOW": "25c09a1fb55114445de5f94b88256bba2c749e6a3fd858e56f54c096560dad90",
    "pi-ai/utils/thinking-loop.ts::LEX_NOVELTY_WINDOW": "59f58c7362a71e07a7b52134f50d21e32f159ce63595253c1379ca3aa0fae95e",
    "pi-ai/utils/thinking-loop.ts::LEX_STALL_MIN_RUN": "0d47678cd7fcbcaf1e73c27c77a9b7f401e58732480c5bf4f4c5103c43cc1b32",
    "pi-ai/utils/thinking-loop.ts::LEX_STALL_NOVELTY_FLOOR": "898c13478f54d4c0e53bd9d970ea0dafbe2cd5e93e6450bd08a728d352f51dd0",
    "pi-ai/utils/thinking-loop.ts::SEGMENT_CHAR_CAP": "0ae4e8898f7edf845fe5492a2dfbccc4dff3427734d5f6cf8cd3fd2fb300a377",
    "pi-ai/utils/thinking-loop.ts::SEGMENT_MIN_CLUSTER": "e8c74ee6b245956da3ab38d226b2a04eaadc14f0e66ccca9d914d675e86fa3cc",
    "pi-ai/utils/thinking-loop.ts::SEGMENT_MIN_COUNT": "782f225cb20790fcf8657a0716507e2239e87b9a19ecf1b694a96f3e27cb5bc1",
    "pi-ai/utils/thinking-loop.ts::SEGMENT_MIN_NORM_CHARS": "370e06631414694ef40c29357c6704449eb728b56ce417ab286e89d1b8437689",
    "pi-ai/utils/thinking-loop.ts::SEGMENT_SIMILARITY": "17966ad6f285afaf1aa46d732200dc4d972833afd0b9752a8006d732ef0966d2",
    "pi-ai/utils/thinking-loop.ts::SEGMENT_WINDOW": "83f1a9b8f7ecc97f36c22fa57e56935065c0f3b988916c37d89ec58961e8bad7",
    "pi-ai/utils/thinking-loop.ts::ThinkingLoopDetector": "eb935c0ffad2800ca6fd23cf62e15352ccedcd1872843de834055186a966dc4b",
    "pi-ai/utils/thinking-loop.ts::detectExactSuffixCycle": "00525601a76d0d73d03c6caf0f6d766b8ddb53e3376cfc7287b55fdfbf3f795b",
    "pi-ai/utils/thinking-loop.ts::isLoopGuardedModel": "232748fe1ae81e764350cf1270c7f765de8663987cdf3b75da3a9a4fd8467ecd",
    "pi-ai/utils/thinking-loop.ts::jaccard": "d1f20a57805cb4c0200d3a81e32a6d5ed974a5213ff38d3d8e8d90b15f294f2d",
    "pi-ai/utils/thinking-loop.ts::normalizeSegment": "0f898f3b17d90ed05e290e22bafa49d58524648cba5950924923b816464e8045",
    "pi-ai/utils/thinking-loop.ts::trigramShingles": "68c1a146127ae245c8236ab9305202be84dc7c190391424a9f563cb3f0fa1a42",
    "pi-catalog/compat/resolve.ts::defaultSupportsDisplay": "6c55a92e71b9da19249e1f18d58e1f2376dff3621f48275a6815b46443310415",
    "pi-catalog/compat/rules/auth/anthropic.kdl::OWQxYzI1MGEtZTYxYi00NGQ5LTg4ZWQtNTk0NGQxOTYyZjVl": "1445c073185bfa9665930ea803fe28e6447ee6ec8222e7f888e62e3ffa5b2f5a",
    "pi-catalog/compat/rules/auth/anthropic.kdl::callback": "bbd82a20320c7c336d82c28089103f23b4590ce688ea80e36785f99a456afc52",
    "pi-catalog/compat/rules/auth/anthropic.kdl::credential": "ca9febfba096ef647e14f5fbe471ad77f5a779d50560d749590d4fa4f0ef6ade",
    "pi-catalog/compat/rules/auth/anthropic.kdl::pkce": "508967c7342c7b98fa10d9816b5f23a06d59e00361fd4518f40b71f769814ea8",
    "pi-catalog/compat/rules/auth/anthropic.kdl::scopes": "0ef8fd5833567a173404ef6f23fb9f46647a379f482a36e276ecbb9ae7f196f6",
    "pi-catalog/compat/rules/auth/google-antigravity.kdl::MTA3MTAwNjA2MDU5MS10bWhzc2lu": "94aebbe64728220e7096e5d262870710f9d15ee14743ccc8d107c948b62aed55",
    "pi-catalog/compat/rules/auth/google-antigravity.kdl::R09DU1BYLUs1OEZXUjQ4NkxkTEoxbUxCOHNY": "dd5a9e2599fe57d56a1551f458e584815d81055b27661ee0966ee380c6f743ae",
    "pi-catalog/compat/rules/auth/google-antigravity.kdl::access_type": "85076f3de1f3739a4337870d81fc2cef91a311479946dc912ce5cac53178d8a4",
    "pi-catalog/compat/rules/auth/google-antigravity.kdl::callback": "e48e3524197641d12520b39f93098ab40c517ad44647826d3aa48f123a58cef3",
    "pi-catalog/compat/rules/auth/google-antigravity.kdl::prompt": "387c991dd4788dbaf01bc537dbe86de030ee3e248f3368c67b9c06cb72b2ae36",
    "pi-catalog/compat/rules/auth/google-antigravity.kdl::scopes": "d65b22b2e1944a715ea44d2844d8412738240078498152fcebe26276fd29f347",
    "pi-catalog/compat/rules/auth/openai-codex.kdl::callback": "7589680f9ca5b58f1f19c9e09d951f8e30c4a03ccbcff15508281394f3a6e597",
    "pi-catalog/compat/rules/auth/openai-codex.kdl::credential": "4d43d3c9a9f96e3047c1e5ad8e50a9d99aecc1a617b445379dbaec4a5fa0f76b",
    "pi-catalog/compat/rules/auth/openai-codex.kdl::token": "5b7bfea5880314b2f35e0fb614ec8219ab6d59577410ad0efefd0fbd669aaace",
    "pi-catalog/discovery/antigravity.ts::FETCH_AVAILABLE_MODELS_PATH": "954df21a5e4afda72b998fb03f5c81de0bf3a835644cac6a63583d0b9fcbbfd8",
    "pi-catalog/discovery/antigravity.ts::fetchAntigravityDiscoveryModels": "9f5e422881f3eadb3ddd35f720323bffd40a2749c2e61734cb8a1cebcfa11392",
    "pi-catalog/discovery/codex.ts::DEFAULT_MODEL_LIST_PATHS": "cb8e1998f4a8b8f50e3585c22fb7a4ae03e0a529aca17bc5de4e5f5b24625938",
    "pi-catalog/discovery/codex.ts::fetchCodexModels": "40026479f4d4e5a1dc662391d54b563023bc2c767321276119a9174759ecb58f",
    "pi-catalog/model-thinking.ts::mapEffortToAnthropicAdaptiveEffort": "278e4f6d5209e6f2434e99ee3604aa38e88e5b4a595d2fbbd957422dff2712e3",
    "pi-catalog/model-thinking.ts::mapEffortToGoogleThinkingLevel": "7da2e9e2e29156c2f219e745fb0cef785ea0f3324d9a84f7ef99ab346207c2ca",
    "pi-catalog/wire/codex.ts::CODEX_CLIENT_VERSION": "15d1b56cdd778d6fa0479f7969f4843cc4bbbb5d2b23c7edc05bed6bcf61889b",
    "pi-catalog/wire/codex.ts::OPENAI_HEADER_VALUES": "e537d3cb2557d8df041c950333b0283612b014b4a05e0d2f9f91a486299c0fe8",
    "pi-catalog/wire/codex.ts::ORIGINATOR_CODEX": "8a9d6ca4e3ab961b3cb7d90f0cf5741aad6fd79efc615f46a03d81c7bea5d57e",
    "pi-catalog/wire/codex.ts::codexRoutingHint": "aefb6b268931cb319b6e293d2bd1ca90d87ea42feb76e39258477468d2cbba02",
    "pi-catalog/wire/gemini-headers.ts::ANTIGRAVITY_MODEL_WIRE_PROFILES": "328b5e2627270494d62f008372579c0db8e22f819c1d96e39046c3082e299a49",
    "pi-catalog/wire/gemini-headers.ts::getAntigravityUserAgent": "65190adf3585452fa027e4638c6f32897eb33f9b4c0e934047c03d47df310507",
    "pi-utils/dirs.ts::USER_AGENT": "d2b1a9a3669560d4b74ba0ff50e35c91974124ee17305a88742446fbd801ad63"
  }
}
